
Microsoft Visual Studio Solution File, Format Version 12.00
# Visual Studio Version 17
VisualStudioVersion = 17.3.32825.248
MinimumVisualStudioVersion = 10.0.40219.1
Project("{FAE04EC0-301F-11D3-BF4B-00C04F79EFBC}") = "Functions", "Functions\Functions.csproj", "{31E19663-026F-4E25-A2DD-5137003C5B66}"
EndProject
Global
	GlobalSection(SolutionConfigurationPlatforms) = preSolution
		Debug|Any CPU = Debug|Any CPU
		Release|Any CPU = Release|Any CPU
	EndGlobalSection
	GlobalSection(ProjectConfigurationPlatforms) = postSolution
		{31E19663-026F-4E25-A2DD-5137003C5B66}.Debug|Any CPU.ActiveCfg = Debug|Any CPU
		{31E19663-026F-4E25-A2DD-5137003C5B66}.Debug|Any CPU.Build.0 = Debug|Any CPU
		{31E19663-026F-4E25-A2DD-5137003C5B66}.Release|Any CPU.ActiveCfg = Release|Any CPU
		{31E19663-026F-4E25-A2DD-5137003C5B66}.Release|Any CPU.Build.0 = Release|Any CPU
	EndGlobalSection
	GlobalSection(SolutionProperties) = preSolution
		HideSolutionNode = FALSE
	EndGlobalSection
	GlobalSection(ExtensibilityGlobals) = postSolution
		SolutionGuid = {552AC946-2DB5-421C-9969-B6619615A32C}
	EndGlobalSection
EndGlobal
